
Microsoft Visual Studio Solution File, Format Version 12.00
# Visual Studio 15
VisualStudioVersion = 15.0.28307.1401
MinimumVisualStudioVersion = 10.0.40219.1
Project("{FAE04EC0-301F-11D3-BF4B-00C04F79EFBC}") = "Thread_Inspection", "Thread_Inspection\Thread_Inspection.csproj", "{E9DAD5FC-EE77-4437-98CD-2E174AAAC9AA}"
EndProject
Global
	GlobalSection(SolutionConfigurationPlatforms) = preSolution
		Debug|Any CPU = Debug|Any CPU
		Release|Any CPU = Release|Any CPU
	EndGlobalSection
	GlobalSection(ProjectConfigurationPlatforms) = postSolution
		{E9DAD5FC-EE77-4437-98CD-2E174AAAC9AA}.Debug|Any CPU.ActiveCfg = Debug|Any CPU
		{E9DAD5FC-EE77-4437-98CD-2E174AAAC9AA}.Debug|Any CPU.Build.0 = Debug|Any CPU
		{E9DAD5FC-EE77-4437-98CD-2E174AAAC9AA}.Release|Any CPU.ActiveCfg = Release|Any CPU
		{E9DAD5FC-EE77-4437-98CD-2E174AAAC9AA}.Release|Any CPU.Build.0 = Release|Any CPU
	EndGlobalSection
	GlobalSection(SolutionProperties) = preSolution
		HideSolutionNode = FALSE
	EndGlobalSection
	GlobalSection(ExtensibilityGlobals) = postSolution
		SolutionGuid = {87BA8F77-4190-4542-8B7E-50D48C8A1EBB}
	EndGlobalSection
EndGlobal
